{
  "name": "Leetcode problems",
  "lockfileVersion": 3,
  "requires": true,
  "packages": {
    "": {
      "dependencies": {
        "axios": "^1.7.9",
        "datastructures-js": "^13.0.0"
      }
    },
    "node_modules/@datastructures-js/binary-search-tree": {
      "version": "5.3.2",
      "resolved": "https://registry.npmjs.org/@datastructures-js/binary-search-tree/-/binary-search-tree-5.3.2.tgz",
      "integrity": "sha512-8Y6SqH9wncY5HQMWbazjADyI5Sjop7VFVTPAcYoWWE8pHIVmAuS2CWCQ5wgwNEPUAnJMUz5idRTXmjtl5gwDCQ=="
    },
    "node_modules/@datastructures-js/deque": {
      "version": "1.0.4",
      "resolved": "https://registry.npmjs.org/@datastructures-js/deque/-/deque-1.0.4.tgz",
      "integrity": "sha512-zlgVSsxqiAd+scLUILvx8E887o+6kYds9/d4DCM/mFOuUITUlPG/r3u5iPZjzW3o6XPPi+p66p3Kf1+wFxYvLQ=="
    },
    "node_modules/@datastructures-js/graph": {
      "version": "5.3.0",
      "resolved": "https://registry.npmjs.org/@datastructures-js/graph/-/graph-5.3.0.tgz",
      "integrity": "sha512-Owbn40ha2W22i6yGSTmOb7ppL6RZKCeFf9tVKqFVXClb5rWQgscHDIyuHXFcNkdlsrq3O0E7zvJ45O60/8m/mg==",
      "dependencies": {
        "@datastructures-js/queue": "^3.1.3"
      }
    },
    "node_modules/@datastructures-js/graph/node_modules/@datastructures-js/queue": {
      "version": "3.1.4",
      "resolved": "https://registry.npmjs.org/@datastructures-js/queue/-/queue-3.1.4.tgz",
      "integrity": "sha512-8QqkdAJQDDd25OBX28lKj7HXD+Cxs6Ee0ogJkZUjD5R1fAvRAWsrCeKop0szqANYjMwdQQd75vyc3Cm8qNJH+Q=="
    },
    "node_modules/@datastructures-js/heap": {
      "version": "4.3.3",
      "resolved": "https://registry.npmjs.org/@datastructures-js/heap/-/heap-4.3.3.tgz",
      "integrity": "sha512-UcUu/DLh/aM4W3C8zZfwxxm6/6FIZUlm3mcAXuNOCa6Aj4iizNvNXQyb8DjZQH2jKSQbMRyNlngP6TPimuGjpQ=="
    },
    "node_modules/@datastructures-js/linked-list": {
      "version": "6.1.3",
      "resolved": "https://registry.npmjs.org/@datastructures-js/linked-list/-/linked-list-6.1.3.tgz",
      "integrity": "sha512-2wvjEz1kIfSmhILpw522EeYQYs2JWGFgbpDAxfcswQah+AaFuxwfDtZPHKgCO07KJfVUOGxyoCdlcFIzMu3DdA=="
    },
    "node_modules/@datastructures-js/priority-queue": {
      "version": "6.3.1",
      "resolved": "https://registry.npmjs.org/@datastructures-js/priority-queue/-/priority-queue-6.3.1.tgz",
      "integrity": "sha512-eoxkWql/j0VJ0UFMFTpnyJz4KbEEVQ6aZ/JuJUgenu0Im4tYKylAycNGsYCHGXiVNEd7OKGVwfx1Ac3oYkuu7A==",
      "dependencies": {
        "@datastructures-js/heap": "^4.3.3"
      }
    },
    "node_modules/@datastructures-js/queue": {
      "version": "4.2.3",
      "resolved": "https://registry.npmjs.org/@datastructures-js/queue/-/queue-4.2.3.tgz",
      "integrity": "sha512-GWVMorC/xi2V2ta+Z/CPgPGHL2ZJozcj48g7y2nIX5GIGZGRrbShSHgvMViJwHJurUzJYOdIdRZnWDRrROFwJA=="
    },
    "node_modules/@datastructures-js/set": {
      "version": "4.2.1",
      "resolved": "https://registry.npmjs.org/@datastructures-js/set/-/set-4.2.1.tgz",
      "integrity": "sha512-qGJhgclFpV7JTPDEJ/ftrFmIf8s6t5Y9nhc5KffuPt0UjCVc1infAltX7R/XFEBF+f7RAqYl/NIZaOekvU88zg=="
    },
    "node_modules/@datastructures-js/stack": {
      "version": "3.1.4",
      "resolved": "https://registry.npmjs.org/@datastructures-js/stack/-/stack-3.1.4.tgz",
      "integrity": "sha512-+2+SOvKcNizQaR31AL1Sox4p5rvAlZfvXO9gi6qWrXMvLqb3S5/3t0ZRAefA0ZabQz0LCXOc8aTeHSWSOMrNCQ=="
    },
    "node_modules/@datastructures-js/trie": {
      "version": "4.2.2",
      "resolved": "https://registry.npmjs.org/@datastructures-js/trie/-/trie-4.2.2.tgz",
      "integrity": "sha512-wZFXic9OLc+BgtnUYr0EIaAZLaPaNt0r1zjf2xJ5JhGwuK0w2vwlOMMj9RHgIeOY+UM0J76CcrmN/wn2LlEYkA=="
    },
    "node_modules/asynckit": {
      "version": "0.4.0",
      "resolved": "https://registry.npmjs.org/asynckit/-/asynckit-0.4.0.tgz",
      "integrity": "sha512-Oei9OH4tRh0YqU3GxhX79dM/mwVgvbZJaSNaRk+bshkj0S5cfHcgYakreBjrHwatXKbz+IoIdYLxrKim2MjW0Q=="
    },
    "node_modules/axios": {
      "version": "1.7.9",
      "resolved": "https://registry.npmjs.org/axios/-/axios-1.7.9.tgz",
      "integrity": "sha512-LhLcE7Hbiryz8oMDdDptSrWowmB4Bl6RCt6sIJKpRB4XtVf0iEgewX3au/pJqm+Py1kCASkb/FFKjxQaLtxJvw==",
      "dependencies": {
        "follow-redirects": "^1.15.6",
        "form-data": "^4.0.0",
        "proxy-from-env": "^1.1.0"
      }
    },
    "node_modules/combined-stream": {
      "version": "1.0.8",
      "resolved": "https://registry.npmjs.org/combined-stream/-/combined-stream-1.0.8.tgz",
      "integrity": "sha512-FQN4MRfuJeHf7cBbBMJFXhKSDq+2kAArBlmRBvcvFE5BB1HZKXtSFASDhdlz9zOYwxh8lDdnvmMOe/+5cdoEdg==",
      "dependencies": {
        "delayed-stream": "~1.0.0"
      },
      "engines": {
        "node": ">= 0.8"
      }
    },
    "node_modules/datastructures-js": {
      "version": "13.0.0",
      "resolved": "https://registry.npmjs.org/datastructures-js/-/datastructures-js-13.0.0.tgz",
      "integrity": "sha512-3KLehk8sGWS2IuncLv0/Wxl1a1VtvQagLDtGNBw3SNbi7893PPxWT8dac+cuHA/N4V25BQL6pHF7IVjdaZFB3Q==",
      "dependencies": {
        "@datastructures-js/binary-search-tree": "^5.3.1",
        "@datastructures-js/deque": "^1.0.4",
        "@datastructures-js/graph": "^5.3.0",
        "@datastructures-js/heap": "^4.3.2",
        "@datastructures-js/linked-list": "^6.1.0",
        "@datastructures-js/priority-queue": "^6.3.0",
        "@datastructures-js/queue": "^4.2.3",
        "@datastructures-js/set": "^4.2.1",
        "@datastructures-js/stack": "^3.1.4",
        "@datastructures-js/trie": "^4.2.2"
      }
    },
    "node_modules/delayed-stream": {
      "version": "1.0.0",
      "resolved": "https://registry.npmjs.org/delayed-stream/-/delayed-stream-1.0.0.tgz",
      "integrity": "sha512-ZySD7Nf91aLB0RxL4KGrKHBXl7Eds1DAmEdcoVawXnLD7SDhpNgtuII2aAkg7a7QS41jxPSZ17p4VdGnMHk3MQ==",
      "engines": {
        "node": ">=0.4.0"
      }
    },
    "node_modules/follow-redirects": {
      "version": "1.15.9",
      "resolved": "https://registry.npmjs.org/follow-redirects/-/follow-redirects-1.15.9.tgz",
      "integrity": "sha512-gew4GsXizNgdoRyqmyfMHyAmXsZDk6mHkSxZFCzW9gwlbtOW44CDtYavM+y+72qD/Vq2l550kMF52DT8fOLJqQ==",
      "funding": [
        {
          "type": "individual",
          "url": "https://github.com/sponsors/RubenVerborgh"
        }
      ],
      "engines": {
        "node": ">=4.0"
      },
      "peerDependenciesMeta": {
        "debug": {
          "optional": true
        }
      }
    },
    "node_modules/form-data": {
      "version": "4.0.1",
      "resolved": "https://registry.npmjs.org/form-data/-/form-data-4.0.1.tgz",
      "integrity": "sha512-tzN8e4TX8+kkxGPK8D5u0FNmjPUjw3lwC9lSLxxoB/+GtsJG91CO8bSWy73APlgAZzZbXEYZJuxjkHH2w+Ezhw==",
      "dependencies": {
        "asynckit": "^0.4.0",
        "combined-stream": "^1.0.8",
        "mime-types": "^2.1.12"
      },
      "engines": {
        "node": ">= 6"
      }
    },
    "node_modules/mime-db": {
      "version": "1.52.0",
      "resolved": "https://registry.npmjs.org/mime-db/-/mime-db-1.52.0.tgz",
      "integrity": "sha512-sPU4uV7dYlvtWJxwwxHD0PuihVNiE7TyAbQ5SWxDCB9mUYvOgroQOwYQQOKPJ8CIbE+1ETVlOoK1UC2nU3gYvg==",
      "engines": {
        "node": ">= 0.6"
      }
    },
    "node_modules/mime-types": {
      "version": "2.1.35",
      "resolved": "https://registry.npmjs.org/mime-types/-/mime-types-2.1.35.tgz",
      "integrity": "sha512-ZDY+bPm5zTTF+YpCrAU9nK0UgICYPT0QtT1NZWFv4s++TNkcgVaT0g6+4R2uI4MjQjzysHB1zxuWL50hzaeXiw==",
      "dependencies": {
        "mime-db": "1.52.0"
      },
      "engines": {
        "node": ">= 0.6"
      }
    },
    "node_modules/proxy-from-env": {
      "version": "1.1.0",
      "resolved": "https://registry.npmjs.org/proxy-from-env/-/proxy-from-env-1.1.0.tgz",
      "integrity": "sha512-D+zkORCbA9f1tdWRK0RaCR3GPv50cMxcrz4X8k5LTSUD1Dkw47mKJEZQNunItRTkWwgtaUSo1RVFRIG9ZXiFYg=="
    }
  }
}
